
Microsoft Visual Studio Solution File, Format Version 10.00
# Visual Web Developer Express 2008
Project("{E24C65DC-7377-472B-9ABA-BC803B73C61A}") = "CricketClub", "..\..\WebSites\CricketClub\", "{33E1E51B-7C7C-41DD-8EAC-3BF15E02DCD0}"
	ProjectSection(WebsiteProperties) = preProject
		TargetFramework = "3.5"
		Debug.AspNetCompiler.VirtualPath = "/CricketClub"
		Debug.AspNetCompiler.PhysicalPath = "..\..\WebSites\CricketClub\"
		Debug.AspNetCompiler.TargetPath = "PrecompiledWeb\CricketClub\"
		Debug.AspNetCompiler.Updateable = "true"
		Debug.AspNetCompiler.ForceOverwrite = "true"
		Debug.AspNetCompiler.FixedNames = "false"
		Debug.AspNetCompiler.Debug = "True"
		Release.AspNetCompiler.VirtualPath = "/CricketClub"
		Release.AspNetCompiler.PhysicalPath = "..\..\WebSites\CricketClub\"
		Release.AspNetCompiler.TargetPath = "PrecompiledWeb\CricketClub\"
		Release.AspNetCompiler.Updateable = "true"
		Release.AspNetCompiler.ForceOverwrite = "true"
		Release.AspNetCompiler.FixedNames = "false"
		Release.AspNetCompiler.Debug = "False"
		VWDPort = "51427"
		VWDVirtualPath = "/"
		DefaultWebSiteLanguage = "Visual C#"
	EndProjectSection
EndProject
Global
	GlobalSection(SolutionConfigurationPlatforms) = preSolution
		Debug|.NET = Debug|.NET
	EndGlobalSection
	GlobalSection(ProjectConfigurationPlatforms) = postSolution
		{33E1E51B-7C7C-41DD-8EAC-3BF15E02DCD0}.Debug|.NET.ActiveCfg = Debug|.NET
		{33E1E51B-7C7C-41DD-8EAC-3BF15E02DCD0}.Debug|.NET.Build.0 = Debug|.NET
	EndGlobalSection
	GlobalSection(SolutionProperties) = preSolution
		HideSolutionNode = FALSE
	EndGlobalSection
EndGlobal
